# This file is automatically @generated by Cargo.
# It is not intended for manual editing.
version = 4

[[package]]
name = "lean-agentic"
version = "0.1.0"
source = "registry+https://github.com/rust-lang/crates.io-index"
checksum = "d3b6dcd7e59353c45bde9490cac01423f16eb535da84f3be277c08087842778b"

[[package]]
name = "leanr-rag-gateway"
version = "0.1.0"
dependencies = [
 "lean-agentic",
]
